// !$*UTF8*$!
{
	archiveVersion = 1;
	classes = {
	};
	objectVersion = 50;
	objects = {

/* Begin PBXBuildFile section */
		AE7A66F125E3139200864F40 /* AppDelegate.swift in Sources */ = {isa = PBXBuildFile; fileRef = AE7A66F025E3139200864F40 /* AppDelegate.swift */; };
		AE7A66F325E3139200864F40 /* SceneDelegate.swift in Sources */ = {isa = PBXBuildFile; fileRef = AE7A66F225E3139200864F40 /* SceneDelegate.swift */; };
		AE7A66F825E3139200864F40 /* Main.storyboard in Resources */ = {isa = PBXBuildFile; fileRef = AE7A66F625E3139200864F40 /* Main.storyboard */; };
		AE7A66FB25E3139200864F40 /* CoreData_ToDo.xcdatamodeld in Sources */ = {isa = PBXBuildFile; fileRef = AE7A66F925E3139200864F40 /* CoreData_ToDo.xcdatamodeld */; };
		AE7A66FD25E3139A00864F40 /* Assets.xcassets in Resources */ = {isa = PBXBuildFile; fileRef = AE7A66FC25E3139A00864F40 /* Assets.xcassets */; };
		AE7A670025E3139A00864F40 /* LaunchScreen.storyboard in Resources */ = {isa = PBXBuildFile; fileRef = AE7A66FE25E3139A00864F40 /* LaunchScreen.storyboard */; };
		AE7A670A25E3141E00864F40 /* ManagedToDoItem+CoreDataClass.swift in Sources */ = {isa = PBXBuildFile; fileRef = AE7A670825E3141E00864F40 /* ManagedToDoItem+CoreDataClass.swift */; };
		AE7A670B25E3141E00864F40 /* ManagedToDoItem+CoreDataProperties.swift in Sources */ = {isa = PBXBuildFile; fileRef = AE7A670925E3141E00864F40 /* ManagedToDoItem+CoreDataProperties.swift */; };
		AE7A670F25E3146500864F40 /* ToDoTableViewController.swift in Sources */ = {isa = PBXBuildFile; fileRef = AE7A670E25E3146500864F40 /* ToDoTableViewController.swift */; };
/* End PBXBuildFile section */

/* Begin PBXFileReference section */
		AE7A66ED25E3139200864F40 /* CoreData_ToDo.app */ = {isa = PBXFileReference; explicitFileType = wrapper.application; includeInIndex = 0; path = CoreData_ToDo.app; sourceTree = BUILT_PRODUCTS_DIR; };
		AE7A66F025E3139200864F40 /* AppDelegate.swift */ = {isa = PBXFileReference; lastKnownFileType = sourcecode.swift; path = AppDelegate.swift; sourceTree = "<group>"; };
		AE7A66F225E3139200864F40 /* SceneDelegate.swift */ = {isa = PBXFileReference; lastKnownFileType = sourcecode.swift; path = SceneDelegate.swift; sourceTree = "<group>"; };
		AE7A66F725E3139200864F40 /* Base */ = {isa = PBXFileReference; lastKnownFileType = file.storyboard; name = Base; path = Base.lproj/Main.storyboard; sourceTree = "<group>"; };
		AE7A66FA25E3139200864F40 /* CoreData_ToDo.xcdatamodel */ = {isa = PBXFileReference; lastKnownFileType = wrapper.xcdatamodel; path = CoreData_ToDo.xcdatamodel; sourceTree = "<group>"; };
		AE7A66FC25E3139A00864F40 /* Assets.xcassets */ = {isa = PBXFileReference; lastKnownFileType = folder.assetcatalog; path = Assets.xcassets; sourceTree = "<group>"; };
		AE7A66FF25E3139A00864F40 /* Base */ = {isa = PBXFileReference; lastKnownFileType = file.storyboard; name = Base; path = Base.lproj/LaunchScreen.storyboard; sourceTree = "<group>"; };
		AE7A670125E3139A00864F40 /* Info.plist */ = {isa = PBXFileReference; lastKnownFileType = text.plist.xml; path = Info.plist; sourceTree = "<group>"; };
		AE7A670825E3141E00864F40 /* ManagedToDoItem+CoreDataClass.swift */ = {isa = PBXFileReference; lastKnownFileType = sourcecode.swift; path = "ManagedToDoItem+CoreDataClass.swift"; sourceTree = "<group>"; };
		AE7A670925E3141E00864F40 /* ManagedToDoItem+CoreDataProperties.swift */ = {isa = PBXFileReference; lastKnownFileType = sourcecode.swift; path = "ManagedToDoItem+CoreDataProperties.swift"; sourceTree = "<group>"; };
		AE7A670E25E3146500864F40 /* ToDoTableViewController.swift */ = {isa = PBXFileReference; lastKnownFileType = sourcecode.swift; path = ToDoTableViewController.swift; sourceTree = "<group>"; };
/* End PBXFileReference section */

/* Begin PBXFrameworksBuildPhase section */
		AE7A66EA25E3139200864F40 /* Frameworks */ = {
			isa = PBXFrameworksBuildPhase;
			buildActionMask = 2147483647;
			files = (
			);
			runOnlyForDeploymentPostprocessing = 0;
		};
/* End PBXFrameworksBuildPhase section */

/* Begin PBXGroup section */
		AE7A66E425E3139200864F40 = {
			isa = PBXGroup;
			children = (
				AE7A66EF25E3139200864F40 /* CoreData_ToDo */,
				AE7A66EE25E3139200864F40 /* Products */,
			);
			sourceTree = "<group>";
		};
		AE7A66EE25E3139200864F40 /* Products */ = {
			isa = PBXGroup;
			children = (
				AE7A66ED25E3139200864F40 /* CoreData_ToDo.app */,
			);
			name = Products;
			sourceTree = "<group>";
		};
		AE7A66EF25E3139200864F40 /* CoreData_ToDo */ = {
			isa = PBXGroup;
			children = (
				AE7A66F025E3139200864F40 /* AppDelegate.swift */,
				AE7A66F225E3139200864F40 /* SceneDelegate.swift */,
				AE7A670E25E3146500864F40 /* ToDoTableViewController.swift */,
				AE7A670D25E3143500864F40 /* Model */,
				AE7A66F625E3139200864F40 /* Main.storyboard */,
				AE7A66FC25E3139A00864F40 /* Assets.xcassets */,
				AE7A66FE25E3139A00864F40 /* LaunchScreen.storyboard */,
				AE7A670125E3139A00864F40 /* Info.plist */,
			);
			path = CoreData_ToDo;
			sourceTree = "<group>";
		};
		AE7A670D25E3143500864F40 /* Model */ = {
			isa = PBXGroup;
			children = (
				AE7A66F925E3139200864F40 /* CoreData_ToDo.xcdatamodeld */,
				AE7A670825E3141E00864F40 /* ManagedToDoItem+CoreDataClass.swift */,
				AE7A670925E3141E00864F40 /* ManagedToDoItem+CoreDataProperties.swift */,
			);
			path = Model;
			sourceTree = "<group>";
		};
/* End PBXGroup section */

/* Begin PBXNativeTarget section */
		AE7A66EC25E3139200864F40 /* CoreData_ToDo */ = {
			isa = PBXNativeTarget;
			buildConfigurationList = AE7A670425E3139A00864F40 /* Build configuration list for PBXNativeTarget "CoreData_ToDo" */;
			buildPhases = (
				AE7A66E925E3139200864F40 /* Sources */,
				AE7A66EA25E3139200864F40 /* Frameworks */,
				AE7A66EB25E3139200864F40 /* Resources */,
			);
			buildRules = (
			);
			dependencies = (
			);
			name = CoreData_ToDo;
			productName = CoreData_ToDo;
			productReference = AE7A66ED25E3139200864F40 /* CoreData_ToDo.app */;
			productType = "com.apple.product-type.application";
		};
/* End PBXNativeTarget section */

/* Begin PBXProject section */
		AE7A66E525E3139200864F40 /* Project object */ = {
			isa = PBXProject;
			attributes = {
				LastSwiftUpdateCheck = 1240;
				LastUpgradeCheck = 1240;
				TargetAttributes = {
					AE7A66EC25E3139200864F40 = {
						CreatedOnToolsVersion = 12.4;
					};
				};
			};
			buildConfigurationList = AE7A66E825E3139200864F40 /* Build configuration list for PBXProject "CoreData_ToDo" */;
			compatibilityVersion = "Xcode 9.3";
			developmentRegion = en;
			hasScannedForEncodings = 0;
			knownRegions = (
				en,
				Base,
			);
			mainGroup = AE7A66E425E3139200864F40;
			productRefGroup = AE7A66EE25E3139200864F40 /* Products */;
			projectDirPath = "";
			projectRoot = "";
			targets = (
				AE7A66EC25E3139200864F40 /* CoreData_ToDo */,
			);
		};
/* End PBXProject section */

/* Begin PBXResourcesBuildPhase section */
		AE7A66EB25E3139200864F40 /* Resources */ = {
			isa = PBXResourcesBuildPhase;
			buildActionMask = 2147483647;
			files = (
				AE7A670025E3139A00864F40 /* LaunchScreen.storyboard in Resources */,
				AE7A66FD25E3139A00864F40 /* Assets.xcassets in Resources */,
				AE7A66F825E3139200864F40 /* Main.storyboard in Resources */,
			);
			runOnlyForDeploymentPostprocessing = 0;
		};
/* End PBXResourcesBuildPhase section */

/* Begin PBXSourcesBuildPhase section */
		AE7A66E925E3139200864F40 /* Sources */ = {
			isa = PBXSourcesBuildPhase;
			buildActionMask = 2147483647;
			files = (
				AE7A66F125E3139200864F40 /* AppDelegate.swift in Sources */,
				AE7A670F25E3146500864F40 /* ToDoTableViewController.swift in Sources */,
				AE7A670B25E3141E00864F40 /* ManagedToDoItem+CoreDataProperties.swift in Sources */,
				AE7A670A25E3141E00864F40 /* ManagedToDoItem+CoreDataClass.swift in Sources */,
				AE7A66FB25E3139200864F40 /* CoreData_ToDo.xcdatamodeld in Sources */,
				AE7A66F325E3139200864F40 /* SceneDelegate.swift in Sources */,
			);
			runOnlyForDeploymentPostprocessing = 0;
		};
/* End PBXSourcesBuildPhase section */

/* Begin PBXVariantGroup section */
		AE7A66F625E3139200864F40 /* Main.storyboard */ = {
			isa = PBXVariantGroup;
			children = (
				AE7A66F725E3139200864F40 /* Base */,
			);
			name = Main.storyboard;
			sourceTree = "<group>";
		};
		AE7A66FE25E3139A00864F40 /* LaunchScreen.storyboard */ = {
			isa = PBXVariantGroup;
			children = (
				AE7A66FF25E3139A00864F40 /* Base */,
			);
			name = LaunchScreen.storyboard;
			sourceTree = "<group>";
		};
/* End PBXVariantGroup section */

/* Begin XCBuildConfiguration section */
		AE7A670225E3139A00864F40 /* Debug */ = {
			isa = XCBuildConfiguration;
			buildSettings = {
				ALWAYS_SEARCH_USER_PATHS = NO;
				CLANG_ANALYZER_NONNULL = YES;
				CLANG_ANALYZER_NUMBER_OBJECT_CONVERSION = YES_AGGRESSIVE;
				CLANG_CXX_LANGUAGE_STANDARD = "gnu++14";
				CLANG_CXX_LIBRARY = "libc++";
				CLANG_ENABLE_MODULES = YES;
				CLANG_ENABLE_OBJC_ARC = YES;
				CLANG_ENABLE_OBJC_WEAK = YES;
				CLANG_WARN_BLOCK_CAPTURE_AUTORELEASING = YES;
				CLANG_WARN_BOOL_CONVERSION = YES;
				CLANG_WARN_COMMA = YES;
				CLANG_WARN_CONSTANT_CONVERSION = YES;
				CLANG_WARN_DEPRECATED_OBJC_IMPLEMENTATIONS = YES;
				CLANG_WARN_DIRECT_OBJC_ISA_USAGE = YES_ERROR;
				CLANG_WARN_DOCUMENTATION_COMMENTS = YES;
				CLANG_WARN_EMPTY_BODY = YES;
				CLANG_WARN_ENUM_CONVERSION = YES;
				CLANG_WARN_INFINITE_RECURSION = YES;
				CLANG_WARN_INT_CONVERSION = YES;
				CLANG_WARN_NON_LITERAL_NULL_CONVERSION = YES;
				CLANG_WARN_OBJC_IMPLICIT_RETAIN_SELF = YES;
				CLANG_WARN_OBJC_LITERAL_CONVERSION = YES;
				CLANG_WARN_OBJC_ROOT_CLASS = YES_ERROR;
				CLANG_WARN_QUOTED_INCLUDE_IN_FRAMEWORK_HEADER = YES;
				CLANG_WARN_RANGE_LOOP_ANALYSIS = YES;
				CLANG_WARN_STRICT_PROTOTYPES = YES;
				CLANG_WARN_SUSPICIOUS_MOVE = YES;
				CLANG_WARN_UNGUARDED_AVAILABILITY = YES_AGGRESSIVE;
				CLANG_WARN_UNREACHABLE_CODE = YES;
				CLANG_WARN__DUPLICATE_METHOD_MATCH = YES;
				COPY_PHASE_STRIP = NO;
				DEBUG_INFORMATION_FORMAT = dwarf;
				ENABLE_STRICT_OBJC_MSGSEND = YES;
				ENABLE_TESTABILITY = YES;
				GCC_C_LANGUAGE_STANDARD = gnu11;
				GCC_DYNAMIC_NO_PIC = NO;
				GCC_NO_COMMON_BLOCKS = YES;
				GCC_OPTIMIZATION_LEVEL = 0;
				GCC_PREPROCESSOR_DEFINITIONS = (
					"DEBUG=1",
					"$(inherited)",
				);
				GCC_WARN_64_TO_32_BIT_CONVERSION = YES;
				GCC_WARN_ABOUT_RETURN_TYPE = YES_ERROR;
				GCC_WARN_UNDECLARED_SELECTOR = YES;
				GCC_WARN_UNINITIALIZED_AUTOS = YES_AGGRESSIVE;
				GCC_WARN_UNUSED_FUNCTION = YES;
				GCC_WARN_UNUSED_VARIABLE = YES;
				IPHONEOS_DEPLOYMENT_TARGET = 14.4;
				MTL_ENABLE_DEBUG_INFO = INCLUDE_SOURCE;
				MTL_FAST_MATH = YES;
				ONLY_ACTIVE_ARCH = YES;
				SDKROOT = iphoneos;
				SWIFT_ACTIVE_COMPILATION_CONDITIONS = DEBUG;
				SWIFT_OPTIMIZATION_LEVEL = "-Onone";
			};
			name = Debug;
		};
		AE7A670325E3139A00864F40 /* Release */ = {
			isa = XCBuildConfiguration;
			buildSettings = {
				ALWAYS_SEARCH_USER_PATHS = NO;
				CLANG_ANALYZER_NONNULL = YES;
				CLANG_ANALYZER_NUMBER_OBJECT_CONVERSION = YES_AGGRESSIVE;
				CLANG_CXX_LANGUAGE_STANDARD = "gnu++14";
				CLANG_CXX_LIBRARY = "libc++";
				CLANG_ENABLE_MODULES = YES;
				CLANG_ENABLE_OBJC_ARC = YES;
				CLANG_ENABLE_OBJC_WEAK = YES;
				CLANG_WARN_BLOCK_CAPTURE_AUTORELEASING = YES;
				CLANG_WARN_BOOL_CONVERSION = YES;
				CLANG_WARN_COMMA = YES;
				CLANG_WARN_CONSTANT_CONVERSION = YES;
				CLANG_WARN_DEPRECATED_OBJC_IMPLEMENTATIONS = YES;
				CLANG_WARN_DIRECT_OBJC_ISA_USAGE = YES_ERROR;
				CLANG_WARN_DOCUMENTATION_COMMENTS = YES;
				CLANG_WARN_EMPTY_BODY = YES;
				CLANG_WARN_ENUM_CONVERSION = YES;
				CLANG_WARN_INFINITE_RECURSION = YES;
				CLANG_WARN_INT_CONVERSION = YES;
				CLANG_WARN_NON_LITERAL_NULL_CONVERSION = YES;
				CLANG_WARN_OBJC_IMPLICIT_RETAIN_SELF = YES;
				CLANG_WARN_OBJC_LITERAL_CONVERSION = YES;
				CLANG_WARN_OBJC_ROOT_CLASS = YES_ERROR;
				CLANG_WARN_QUOTED_INCLUDE_IN_FRAMEWORK_HEADER = YES;
				CLANG_WARN_RANGE_LOOP_ANALYSIS = YES;
				CLANG_WARN_STRICT_PROTOTYPES = YES;
				CLANG_WARN_SUSPICIOUS_MOVE = YES;
				CLANG_WARN_UNGUARDED_AVAILABILITY = YES_AGGRESSIVE;
				CLANG_WARN_UNREACHABLE_CODE = YES;
				CLANG_WARN__DUPLICATE_METHOD_MATCH = YES;
				COPY_PHASE_STRIP = NO;
				DEBUG_INFORMATION_FORMAT = "dwarf-with-dsym";
				ENABLE_NS_ASSERTIONS = NO;
				ENABLE_STRICT_OBJC_MSGSEND = YES;
				GCC_C_LANGUAGE_STANDARD = gnu11;
				GCC_NO_COMMON_BLOCKS = YES;
				GCC_WARN_64_TO_32_BIT_CONVERSION = YES;
				GCC_WARN_ABOUT_RETURN_TYPE = YES_ERROR;
				GCC_WARN_UNDECLARED_SELECTOR = YES;
				GCC_WARN_UNINITIALIZED_AUTOS = YES_AGGRESSIVE;
				GCC_WARN_UNUSED_FUNCTION = YES;
				GCC_WARN_UNUSED_VARIABLE = YES;
				IPHONEOS_DEPLOYMENT_TARGET = 14.4;
				MTL_ENABLE_DEBUG_INFO = NO;
				MTL_FAST_MATH = YES;
				SDKROOT = iphoneos;
				SWIFT_COMPILATION_MODE = wholemodule;
				SWIFT_OPTIMIZATION_LEVEL = "-O";
				VALIDATE_PRODUCT = YES;
			};
			name = Release;
		};
		AE7A670525E3139A00864F40 /* Debug */ = {
			isa = XCBuildConfiguration;
			buildSettings = {
				ASSETCATALOG_COMPILER_APPICON_NAME = AppIcon;
				ASSETCATALOG_COMPILER_GLOBAL_ACCENT_COLOR_NAME = AccentColor;
				CODE_SIGN_STYLE = Automatic;
				INFOPLIST_FILE = CoreData_ToDo/Info.plist;
				LD_RUNPATH_SEARCH_PATHS = (
					"$(inherited)",
					"@executable_path/Frameworks",
				);
				PRODUCT_BUNDLE_IDENTIFIER = "Habits.CoreData-ToDo";
				PRODUCT_NAME = "$(TARGET_NAME)";
				SWIFT_VERSION = 5.0;
				TARGETED_DEVICE_FAMILY = "1,2";
			};
			name = Debug;
		};
		AE7A670625E3139A00864F40 /* Release */ = {
			isa = XCBuildConfiguration;
			buildSettings = {
				ASSETCATALOG_COMPILER_APPICON_NAME = AppIcon;
				ASSETCATALOG_COMPILER_GLOBAL_ACCENT_COLOR_NAME = AccentColor;
				CODE_SIGN_STYLE = Automatic;
				INFOPLIST_FILE = CoreData_ToDo/Info.plist;
				LD_RUNPATH_SEARCH_PATHS = (
					"$(inherited)",
					"@executable_path/Frameworks",
				);
				PRODUCT_BUNDLE_IDENTIFIER = "Habits.CoreData-ToDo";
				PRODUCT_NAME = "$(TARGET_NAME)";
				SWIFT_VERSION = 5.0;
				TARGETED_DEVICE_FAMILY = "1,2";
			};
			name = Release;
		};
/* End XCBuildConfiguration section */

/* Begin XCConfigurationList section */
		AE7A66E825E3139200864F40 /* Build configuration list for PBXProject "CoreData_ToDo" */ = {
			isa = XCConfigurationList;
			buildConfigurations = (
				AE7A670225E3139A00864F40 /* Debug */,
				AE7A670325E3139A00864F40 /* Release */,
			);
			defaultConfigurationIsVisible = 0;
			defaultConfigurationName = Release;
		};
		AE7A670425E3139A00864F40 /* Build configuration list for PBXNativeTarget "CoreData_ToDo" */ = {
			isa = XCConfigurationList;
			buildConfigurations = (
				AE7A670525E3139A00864F40 /* Debug */,
				AE7A670625E3139A00864F40 /* Release */,
			);
			defaultConfigurationIsVisible = 0;
			defaultConfigurationName = Release;
		};
/* End XCConfigurationList section */

/* Begin XCVersionGroup section */
		AE7A66F925E3139200864F40 /* CoreData_ToDo.xcdatamodeld */ = {
			isa = XCVersionGroup;
			children = (
				AE7A66FA25E3139200864F40 /* CoreData_ToDo.xcdatamodel */,
			);
			currentVersion = AE7A66FA25E3139200864F40 /* CoreData_ToDo.xcdatamodel */;
			path = CoreData_ToDo.xcdatamodeld;
			sourceTree = "<group>";
			versionGroupType = wrapper.xcdatamodel;
		};
/* End XCVersionGroup section */
	};
	rootObject = AE7A66E525E3139200864F40 /* Project object */;
}
